
Microsoft Visual Studio Solution File, Format Version 12.00
# Visual Studio Version 17
VisualStudioVersion = 17.4.33213.308
MinimumVisualStudioVersion = 10.0.40219.1
Project("{9A19103F-16F7-4668-BE54-9A1E7A4F7556}") = "AI", "AI.csproj", "{B02D575E-FBA5-4F09-9DD4-00383F176F8A}"
EndProject
Project("{9A19103F-16F7-4668-BE54-9A1E7A4F7556}") = "AI.Lib", "AI.Lib\AI.Lib.csproj", "{1CBD9921-2C36-43C6-B524-826076E286ED}"
EndProject
Global
	GlobalSection(SolutionConfigurationPlatforms) = preSolution
		Debug|Any CPU = Debug|Any CPU
		Release|Any CPU = Release|Any CPU
	EndGlobalSection
	GlobalSection(ProjectConfigurationPlatforms) = postSolution
		{B02D575E-FBA5-4F09-9DD4-00383F176F8A}.Debug|Any CPU.ActiveCfg = Debug|Any CPU
		{B02D575E-FBA5-4F09-9DD4-00383F176F8A}.Debug|Any CPU.Build.0 = Debug|Any CPU
		{B02D575E-FBA5-4F09-9DD4-00383F176F8A}.Release|Any CPU.ActiveCfg = Release|Any CPU
		{B02D575E-FBA5-4F09-9DD4-00383F176F8A}.Release|Any CPU.Build.0 = Release|Any CPU
		{1CBD9921-2C36-43C6-B524-826076E286ED}.Debug|Any CPU.ActiveCfg = Debug|Any CPU
		{1CBD9921-2C36-43C6-B524-826076E286ED}.Debug|Any CPU.Build.0 = Debug|Any CPU
		{1CBD9921-2C36-43C6-B524-826076E286ED}.Release|Any CPU.ActiveCfg = Release|Any CPU
		{1CBD9921-2C36-43C6-B524-826076E286ED}.Release|Any CPU.Build.0 = Release|Any CPU
	EndGlobalSection
	GlobalSection(SolutionProperties) = preSolution
		HideSolutionNode = FALSE
	EndGlobalSection
	GlobalSection(ExtensibilityGlobals) = postSolution
		SolutionGuid = {27BA2354-E0E4-4618-A567-ACBE434FFF02}
	EndGlobalSection
EndGlobal
